{
    "_meta": {
        "hash": {
            "sha256": "f709b58c87a24f11936a4e546473c909392c575e2e5e826fbce0b921a8565401"
        },
        "pipfile-spec": 6,
        "requires": {
            "python_version": "3.10"
        },
        "sources": [
            {
                "name": "pypi",
                "url": "https://pypi.org/simple",
                "verify_ssl": true
            }
        ]
    },
    "default": {
        "mangum": {
            "hashes": [
                "sha256:5b4e26375e12eed051687670466d17968f8b74beecaca432edd4eb4127f78509",
                "sha256:f00be705605bc4793958df62e4d249abf58d254c39d90bb410d069570206f4a2"
            ],
            "index": "pypi",
            "version": "==0.17.0"
        },
        "typing-extensions": {
            "hashes": [
                "sha256:440d5dd3af93b060174bf433bccd69b0babc3b15b1a8dca43789fd7f61514b36",
                "sha256:b75ddc264f0ba5615db7ba217daeb99701ad295353c45f9e95963337ceeeffb2"
            ],
            "markers": "python_version >= '3.7'",
            "version": "==4.7.1"
        }
    },
    "develop": {}
}
